
Microsoft Visual Studio Solution File, Format Version 12.00
# Visual Studio Version 17
VisualStudioVersion = 17.5.001.0
MinimumVisualStudioVersion = 10.0.40219.1
Project("{9A19103F-16F7-4668-BE54-9A1E7A4F7556}") = "tests", "tests\tests.csproj", "{C2636EE8-3AC7-42A0-B548-4F34204CFEC5}"
EndProject
Project("{9A19103F-16F7-4668-BE54-9A1E7A4F7556}") = "backend", "api\backend.csproj", "{8825C00D-0C27-4757-B04F-79ED54ACFF83}"
EndProject
Global
	GlobalSection(SolutionConfigurationPlatforms) = preSolution
		Debug|Any CPU = Debug|Any CPU
		Release|Any CPU = Release|Any CPU
	EndGlobalSection
	GlobalSection(ProjectConfigurationPlatforms) = postSolution
		{C2636EE8-3AC7-42A0-B548-4F34204CFEC5}.Debug|Any CPU.ActiveCfg = Debug|Any CPU
		{C2636EE8-3AC7-42A0-B548-4F34204CFEC5}.Debug|Any CPU.Build.0 = Debug|Any CPU
		{C2636EE8-3AC7-42A0-B548-4F34204CFEC5}.Release|Any CPU.ActiveCfg = Release|Any CPU
		{C2636EE8-3AC7-42A0-B548-4F34204CFEC5}.Release|Any CPU.Build.0 = Release|Any CPU
		{8825C00D-0C27-4757-B04F-79ED54ACFF83}.Debug|Any CPU.ActiveCfg = Debug|Any CPU
		{8825C00D-0C27-4757-B04F-79ED54ACFF83}.Debug|Any CPU.Build.0 = Debug|Any CPU
		{8825C00D-0C27-4757-B04F-79ED54ACFF83}.Release|Any CPU.ActiveCfg = Release|Any CPU
		{8825C00D-0C27-4757-B04F-79ED54ACFF83}.Release|Any CPU.Build.0 = Release|Any CPU
	EndGlobalSection
	GlobalSection(SolutionProperties) = preSolution
		HideSolutionNode = FALSE
	EndGlobalSection
	GlobalSection(ExtensibilityGlobals) = postSolution
		SolutionGuid = {96E51084-C93C-470B-9FA4-5C0414681B3C}
	EndGlobalSection
EndGlobal
